
Microsoft Visual Studio Solution File, Format Version 12.00
# Visual Studio 2013
VisualStudioVersion = 12.0.31101.0
MinimumVisualStudioVersion = 10.0.40219.1
Project("{2150E333-8FDC-42A3-9474-1A3956D46DE8}") = "Data", "Data", "{7EB19D85-388D-4E70-903D-F738E8CD97FC}"
EndProject
Project("{00D1A9C2-B5F0-4AF3-8072-F6C62B433612}") = "Axerrio.Data.AOL.Database", "Axerrio.Data.AOL.Database\Axerrio.Data.AOL.Database.sqlproj", "{0A032BBA-6186-4A2D-AAC9-69B19144BFC0}"
EndProject
Project("{2150E333-8FDC-42A3-9474-1A3956D46DE8}") = "Framework", "Framework", "{F7086155-D79C-44F2-890C-D7DDF285C34B}"
EndProject
Project("{FAE04EC0-301F-11D3-BF4B-00C04F79EFBC}") = "Axerrio.Data", "Axerrio.Data\Axerrio.Data.csproj", "{17A0D80B-333E-42BA-B14F-96782226C1F5}"
EndProject
Project("{FAE04EC0-301F-11D3-BF4B-00C04F79EFBC}") = "Axerrio.Data.EntityFramework", "Axerrio.Data.EntityFramework\Axerrio.Data.EntityFramework.csproj", "{FB98515C-7577-4998-B71E-73D2337EB91E}"
EndProject
Project("{FAE04EC0-301F-11D3-BF4B-00C04F79EFBC}") = "Axerrio.Data.AOL", "Axerrio.Data.AOL\Axerrio.Data.AOL.csproj", "{155D0690-1D7A-488D-8FEF-5A79D7EFFB20}"
EndProject
Project("{FAE04EC0-301F-11D3-BF4B-00C04F79EFBC}") = "Axerrio.Data.AOL.Context", "Axerrio.Data.AOL.Context\Axerrio.Data.AOL.Context.csproj", "{491AE9F1-ED59-455A-BD51-217E852AED71}"
EndProject
Project("{FAE04EC0-301F-11D3-BF4B-00C04F79EFBC}") = "Axerrio.Data.AOL.Model", "Axerrio.Data.AOL.Model\Axerrio.Data.AOL.Model.csproj", "{46FBDA9A-CA58-4CCF-A3D3-C1BA70F131E6}"
EndProject
Project("{FAE04EC0-301F-11D3-BF4B-00C04F79EFBC}") = "Axerrio.Data.AOL.Repository", "Axerrio.Data.AOL.Repository\Axerrio.Data.AOL.Repository.csproj", "{32B37333-733F-4327-AC86-7283902C568D}"
EndProject
Project("{2150E333-8FDC-42A3-9474-1A3956D46DE8}") = "Test", "Test", "{8B3AB104-8AA6-4C1F-89AF-020F8B804ECE}"
EndProject
Project("{FAE04EC0-301F-11D3-BF4B-00C04F79EFBC}") = "Axerrio.Data.AOL.Test", "Axerrio.Data.AOL.Test\Axerrio.Data.AOL.Test.csproj", "{57A6660F-D9AB-4C5F-A9B8-B384A9B78EB6}"
EndProject
Project("{FAE04EC0-301F-11D3-BF4B-00C04F79EFBC}") = "Axerrio.Images.WritableBitmap", "Axerrio.Images\Axerrio.Images.WritableBitmap.csproj", "{35B7FD6A-3825-4F76-AE73-2EF344AEAE74}"
EndProject
Project("{FAE04EC0-301F-11D3-BF4B-00C04F79EFBC}") = "Axerrio.Images.Test", "Axerrio.Images.Test\Axerrio.Images.Test.csproj", "{26F725D5-6857-49F7-9C65-68BE32ECE570}"
EndProject
Project("{2150E333-8FDC-42A3-9474-1A3956D46DE8}") = "Images", "Images", "{FF90B529-1A72-481C-84AA-DF8375DC8C62}"
EndProject
Project("{FAE04EC0-301F-11D3-BF4B-00C04F79EFBC}") = "Axerrio.Images.AOL", "Axerrio.Images.AOL\Axerrio.Images.AOL.csproj", "{C1CCE99A-332C-418C-A54A-20E4A6C4838E}"
EndProject
Project("{FAE04EC0-301F-11D3-BF4B-00C04F79EFBC}") = "Axerrio.API.AOL", "Axerrio.API.AOL\Axerrio.API.AOL.csproj", "{52ADF8F8-30D4-43C6-BA4D-4308C8C2E5FC}"
EndProject
Project("{2150E333-8FDC-42A3-9474-1A3956D46DE8}") = "WebApp", "WebApp", "{AD711376-40E5-49BF-8B57-A92B99EAF66D}"
EndProject
Project("{FAE04EC0-301F-11D3-BF4B-00C04F79EFBC}") = "Axerrio.WebJobs", "Axerrio.WebJobs\Axerrio.WebJobs.csproj", "{A1B7C7C6-8E4A-43BE-B939-2B3CFB2E966A}"
EndProject
Project("{FAE04EC0-301F-11D3-BF4B-00C04F79EFBC}") = "Axerrio.API.AOL.Secure", "Axerrio.API.AOL.Secure\Axerrio.API.AOL.Secure.csproj", "{72EEE734-FFBA-4C25-9BAF-8430ADFD5D4D}"
EndProject
Project("{FAE04EC0-301F-11D3-BF4B-00C04F79EFBC}") = "Axerrio.AOL.Secure.Test", "Axerrio.AOL.Secure.Test\Axerrio.AOL.Secure.Test.csproj", "{4FCE8C9F-2A65-42F6-BA23-39E692CBA751}"
EndProject
Global
	GlobalSection(SolutionConfigurationPlatforms) = preSolution
		Debug|Any CPU = Debug|Any CPU
		Release|Any CPU = Release|Any CPU
	EndGlobalSection
	GlobalSection(ProjectConfigurationPlatforms) = postSolution
		{0A032BBA-6186-4A2D-AAC9-69B19144BFC0}.Debug|Any CPU.ActiveCfg = Debug|Any CPU
		{0A032BBA-6186-4A2D-AAC9-69B19144BFC0}.Debug|Any CPU.Build.0 = Debug|Any CPU
		{0A032BBA-6186-4A2D-AAC9-69B19144BFC0}.Debug|Any CPU.Deploy.0 = Debug|Any CPU
		{0A032BBA-6186-4A2D-AAC9-69B19144BFC0}.Release|Any CPU.ActiveCfg = Release|Any CPU
		{0A032BBA-6186-4A2D-AAC9-69B19144BFC0}.Release|Any CPU.Build.0 = Release|Any CPU
		{0A032BBA-6186-4A2D-AAC9-69B19144BFC0}.Release|Any CPU.Deploy.0 = Release|Any CPU
		{17A0D80B-333E-42BA-B14F-96782226C1F5}.Debug|Any CPU.ActiveCfg = Debug|Any CPU
		{17A0D80B-333E-42BA-B14F-96782226C1F5}.Debug|Any CPU.Build.0 = Debug|Any CPU
		{17A0D80B-333E-42BA-B14F-96782226C1F5}.Release|Any CPU.ActiveCfg = Release|Any CPU
		{17A0D80B-333E-42BA-B14F-96782226C1F5}.Release|Any CPU.Build.0 = Release|Any CPU
		{FB98515C-7577-4998-B71E-73D2337EB91E}.Debug|Any CPU.ActiveCfg = Debug|Any CPU
		{FB98515C-7577-4998-B71E-73D2337EB91E}.Debug|Any CPU.Build.0 = Debug|Any CPU
		{FB98515C-7577-4998-B71E-73D2337EB91E}.Release|Any CPU.ActiveCfg = Release|Any CPU
		{FB98515C-7577-4998-B71E-73D2337EB91E}.Release|Any CPU.Build.0 = Release|Any CPU
		{155D0690-1D7A-488D-8FEF-5A79D7EFFB20}.Debug|Any CPU.ActiveCfg = Debug|Any CPU
		{155D0690-1D7A-488D-8FEF-5A79D7EFFB20}.Debug|Any CPU.Build.0 = Debug|Any CPU
		{155D0690-1D7A-488D-8FEF-5A79D7EFFB20}.Release|Any CPU.ActiveCfg = Release|Any CPU
		{155D0690-1D7A-488D-8FEF-5A79D7EFFB20}.Release|Any CPU.Build.0 = Release|Any CPU
		{491AE9F1-ED59-455A-BD51-217E852AED71}.Debug|Any CPU.ActiveCfg = Debug|Any CPU
		{491AE9F1-ED59-455A-BD51-217E852AED71}.Debug|Any CPU.Build.0 = Debug|Any CPU
		{491AE9F1-ED59-455A-BD51-217E852AED71}.Release|Any CPU.ActiveCfg = Release|Any CPU
		{491AE9F1-ED59-455A-BD51-217E852AED71}.Release|Any CPU.Build.0 = Release|Any CPU
		{46FBDA9A-CA58-4CCF-A3D3-C1BA70F131E6}.Debug|Any CPU.ActiveCfg = Debug|Any CPU
		{46FBDA9A-CA58-4CCF-A3D3-C1BA70F131E6}.Debug|Any CPU.Build.0 = Debug|Any CPU
		{46FBDA9A-CA58-4CCF-A3D3-C1BA70F131E6}.Release|Any CPU.ActiveCfg = Release|Any CPU
		{46FBDA9A-CA58-4CCF-A3D3-C1BA70F131E6}.Release|Any CPU.Build.0 = Release|Any CPU
		{32B37333-733F-4327-AC86-7283902C568D}.Debug|Any CPU.ActiveCfg = Debug|Any CPU
		{32B37333-733F-4327-AC86-7283902C568D}.Debug|Any CPU.Build.0 = Debug|Any CPU
		{32B37333-733F-4327-AC86-7283902C568D}.Release|Any CPU.ActiveCfg = Release|Any CPU
		{32B37333-733F-4327-AC86-7283902C568D}.Release|Any CPU.Build.0 = Release|Any CPU
		{57A6660F-D9AB-4C5F-A9B8-B384A9B78EB6}.Debug|Any CPU.ActiveCfg = Debug|Any CPU
		{57A6660F-D9AB-4C5F-A9B8-B384A9B78EB6}.Debug|Any CPU.Build.0 = Debug|Any CPU
		{57A6660F-D9AB-4C5F-A9B8-B384A9B78EB6}.Release|Any CPU.ActiveCfg = Release|Any CPU
		{57A6660F-D9AB-4C5F-A9B8-B384A9B78EB6}.Release|Any CPU.Build.0 = Release|Any CPU
		{35B7FD6A-3825-4F76-AE73-2EF344AEAE74}.Debug|Any CPU.ActiveCfg = Debug|Any CPU
		{35B7FD6A-3825-4F76-AE73-2EF344AEAE74}.Debug|Any CPU.Build.0 = Debug|Any CPU
		{35B7FD6A-3825-4F76-AE73-2EF344AEAE74}.Release|Any CPU.ActiveCfg = Release|Any CPU
		{35B7FD6A-3825-4F76-AE73-2EF344AEAE74}.Release|Any CPU.Build.0 = Release|Any CPU
		{26F725D5-6857-49F7-9C65-68BE32ECE570}.Debug|Any CPU.ActiveCfg = Debug|Any CPU
		{26F725D5-6857-49F7-9C65-68BE32ECE570}.Debug|Any CPU.Build.0 = Debug|Any CPU
		{26F725D5-6857-49F7-9C65-68BE32ECE570}.Release|Any CPU.ActiveCfg = Release|Any CPU
		{26F725D5-6857-49F7-9C65-68BE32ECE570}.Release|Any CPU.Build.0 = Release|Any CPU
		{C1CCE99A-332C-418C-A54A-20E4A6C4838E}.Debug|Any CPU.ActiveCfg = Debug|Any CPU
		{C1CCE99A-332C-418C-A54A-20E4A6C4838E}.Debug|Any CPU.Build.0 = Debug|Any CPU
		{C1CCE99A-332C-418C-A54A-20E4A6C4838E}.Release|Any CPU.ActiveCfg = Release|Any CPU
		{C1CCE99A-332C-418C-A54A-20E4A6C4838E}.Release|Any CPU.Build.0 = Release|Any CPU
		{52ADF8F8-30D4-43C6-BA4D-4308C8C2E5FC}.Debug|Any CPU.ActiveCfg = Debug|Any CPU
		{52ADF8F8-30D4-43C6-BA4D-4308C8C2E5FC}.Debug|Any CPU.Build.0 = Debug|Any CPU
		{52ADF8F8-30D4-43C6-BA4D-4308C8C2E5FC}.Release|Any CPU.ActiveCfg = Release|Any CPU
		{52ADF8F8-30D4-43C6-BA4D-4308C8C2E5FC}.Release|Any CPU.Build.0 = Release|Any CPU
		{A1B7C7C6-8E4A-43BE-B939-2B3CFB2E966A}.Debug|Any CPU.ActiveCfg = Debug|Any CPU
		{A1B7C7C6-8E4A-43BE-B939-2B3CFB2E966A}.Debug|Any CPU.Build.0 = Debug|Any CPU
		{A1B7C7C6-8E4A-43BE-B939-2B3CFB2E966A}.Release|Any CPU.ActiveCfg = Release|Any CPU
		{A1B7C7C6-8E4A-43BE-B939-2B3CFB2E966A}.Release|Any CPU.Build.0 = Release|Any CPU
		{72EEE734-FFBA-4C25-9BAF-8430ADFD5D4D}.Debug|Any CPU.ActiveCfg = Debug|Any CPU
		{72EEE734-FFBA-4C25-9BAF-8430ADFD5D4D}.Debug|Any CPU.Build.0 = Debug|Any CPU
		{72EEE734-FFBA-4C25-9BAF-8430ADFD5D4D}.Release|Any CPU.ActiveCfg = Release|Any CPU
		{72EEE734-FFBA-4C25-9BAF-8430ADFD5D4D}.Release|Any CPU.Build.0 = Release|Any CPU
		{4FCE8C9F-2A65-42F6-BA23-39E692CBA751}.Debug|Any CPU.ActiveCfg = Debug|Any CPU
		{4FCE8C9F-2A65-42F6-BA23-39E692CBA751}.Debug|Any CPU.Build.0 = Debug|Any CPU
		{4FCE8C9F-2A65-42F6-BA23-39E692CBA751}.Release|Any CPU.ActiveCfg = Release|Any CPU
		{4FCE8C9F-2A65-42F6-BA23-39E692CBA751}.Release|Any CPU.Build.0 = Release|Any CPU
	EndGlobalSection
	GlobalSection(SolutionProperties) = preSolution
		HideSolutionNode = FALSE
	EndGlobalSection
	GlobalSection(NestedProjects) = preSolution
		{0A032BBA-6186-4A2D-AAC9-69B19144BFC0} = {7EB19D85-388D-4E70-903D-F738E8CD97FC}
		{F7086155-D79C-44F2-890C-D7DDF285C34B} = {7EB19D85-388D-4E70-903D-F738E8CD97FC}
		{17A0D80B-333E-42BA-B14F-96782226C1F5} = {F7086155-D79C-44F2-890C-D7DDF285C34B}
		{FB98515C-7577-4998-B71E-73D2337EB91E} = {F7086155-D79C-44F2-890C-D7DDF285C34B}
		{155D0690-1D7A-488D-8FEF-5A79D7EFFB20} = {7EB19D85-388D-4E70-903D-F738E8CD97FC}
		{491AE9F1-ED59-455A-BD51-217E852AED71} = {7EB19D85-388D-4E70-903D-F738E8CD97FC}
		{46FBDA9A-CA58-4CCF-A3D3-C1BA70F131E6} = {7EB19D85-388D-4E70-903D-F738E8CD97FC}
		{32B37333-733F-4327-AC86-7283902C568D} = {7EB19D85-388D-4E70-903D-F738E8CD97FC}
		{57A6660F-D9AB-4C5F-A9B8-B384A9B78EB6} = {8B3AB104-8AA6-4C1F-89AF-020F8B804ECE}
		{35B7FD6A-3825-4F76-AE73-2EF344AEAE74} = {FF90B529-1A72-481C-84AA-DF8375DC8C62}
		{26F725D5-6857-49F7-9C65-68BE32ECE570} = {8B3AB104-8AA6-4C1F-89AF-020F8B804ECE}
		{C1CCE99A-332C-418C-A54A-20E4A6C4838E} = {FF90B529-1A72-481C-84AA-DF8375DC8C62}
		{52ADF8F8-30D4-43C6-BA4D-4308C8C2E5FC} = {AD711376-40E5-49BF-8B57-A92B99EAF66D}
		{A1B7C7C6-8E4A-43BE-B939-2B3CFB2E966A} = {AD711376-40E5-49BF-8B57-A92B99EAF66D}
		{72EEE734-FFBA-4C25-9BAF-8430ADFD5D4D} = {AD711376-40E5-49BF-8B57-A92B99EAF66D}
		{4FCE8C9F-2A65-42F6-BA23-39E692CBA751} = {8B3AB104-8AA6-4C1F-89AF-020F8B804ECE}
	EndGlobalSection
EndGlobal
